
Microsoft Visual Studio Solution File, Format Version 12.00
# Visual Studio Version 16
VisualStudioVersion = 16.0.29609.76
MinimumVisualStudioVersion = 10.0.40219.1
Project("{9A19103F-16F7-4668-BE54-9A1E7A4F7556}") = "Office.Work.Platform", "Office.Work.Platform.csproj", "{6359BB05-634B-4CA5-A087-C18C40599B55}"
EndProject
Project("{9A19103F-16F7-4668-BE54-9A1E7A4F7556}") = "Office.Work.Platform.Lib", "..\Office.Work.Platform.Lib\Office.Work.Platform.Lib.csproj", "{E4D437DE-1DDF-4CE7-9F01-78882064B89A}"
EndProject
Global
	GlobalSection(SolutionConfigurationPlatforms) = preSolution
		Debug|Any CPU = Debug|Any CPU
		Debug|x64 = Debug|x64
		Debug|x86 = Debug|x86
		Release|Any CPU = Release|Any CPU
		Release|x64 = Release|x64
		Release|x86 = Release|x86
	EndGlobalSection
	GlobalSection(ProjectConfigurationPlatforms) = postSolution
		{6359BB05-634B-4CA5-A087-C18C40599B55}.Debug|Any CPU.ActiveCfg = Debug|Any CPU
		{6359BB05-634B-4CA5-A087-C18C40599B55}.Debug|Any CPU.Build.0 = Debug|Any CPU
		{6359BB05-634B-4CA5-A087-C18C40599B55}.Debug|x64.ActiveCfg = Debug|x64
		{6359BB05-634B-4CA5-A087-C18C40599B55}.Debug|x64.Build.0 = Debug|x64
		{6359BB05-634B-4CA5-A087-C18C40599B55}.Debug|x86.ActiveCfg = Debug|x86
		{6359BB05-634B-4CA5-A087-C18C40599B55}.Debug|x86.Build.0 = Debug|x86
		{6359BB05-634B-4CA5-A087-C18C40599B55}.Release|Any CPU.ActiveCfg = Release|Any CPU
		{6359BB05-634B-4CA5-A087-C18C40599B55}.Release|Any CPU.Build.0 = Release|Any CPU
		{6359BB05-634B-4CA5-A087-C18C40599B55}.Release|x64.ActiveCfg = Release|x64
		{6359BB05-634B-4CA5-A087-C18C40599B55}.Release|x64.Build.0 = Release|x64
		{6359BB05-634B-4CA5-A087-C18C40599B55}.Release|x86.ActiveCfg = Release|x86
		{6359BB05-634B-4CA5-A087-C18C40599B55}.Release|x86.Build.0 = Release|x86
		{E4D437DE-1DDF-4CE7-9F01-78882064B89A}.Debug|Any CPU.ActiveCfg = Debug|Any CPU
		{E4D437DE-1DDF-4CE7-9F01-78882064B89A}.Debug|Any CPU.Build.0 = Debug|Any CPU
		{E4D437DE-1DDF-4CE7-9F01-78882064B89A}.Debug|x64.ActiveCfg = Debug|x64
		{E4D437DE-1DDF-4CE7-9F01-78882064B89A}.Debug|x64.Build.0 = Debug|x64
		{E4D437DE-1DDF-4CE7-9F01-78882064B89A}.Debug|x86.ActiveCfg = Debug|x86
		{E4D437DE-1DDF-4CE7-9F01-78882064B89A}.Debug|x86.Build.0 = Debug|x86
		{E4D437DE-1DDF-4CE7-9F01-78882064B89A}.Release|Any CPU.ActiveCfg = Release|Any CPU
		{E4D437DE-1DDF-4CE7-9F01-78882064B89A}.Release|Any CPU.Build.0 = Release|Any CPU
		{E4D437DE-1DDF-4CE7-9F01-78882064B89A}.Release|x64.ActiveCfg = Release|x64
		{E4D437DE-1DDF-4CE7-9F01-78882064B89A}.Release|x64.Build.0 = Release|x64
		{E4D437DE-1DDF-4CE7-9F01-78882064B89A}.Release|x86.ActiveCfg = Release|x86
		{E4D437DE-1DDF-4CE7-9F01-78882064B89A}.Release|x86.Build.0 = Release|x86
	EndGlobalSection
	GlobalSection(SolutionProperties) = preSolution
		HideSolutionNode = FALSE
	EndGlobalSection
	GlobalSection(ExtensibilityGlobals) = postSolution
		SolutionGuid = {C2873AF0-99A2-470C-9693-F4D5BD0AE882}
	EndGlobalSection
EndGlobal
